
Microsoft Visual Studio Solution File, Format Version 12.00
# Visual Studio Version 17
VisualStudioVersion = 17.7.34202.233
MinimumVisualStudioVersion = 10.0.40219.1
Project("{FAE04EC0-301F-11D3-BF4B-00C04F79EFBC}") = "DoAn_FrameWork", "DoAn_FrameWork\DoAn_FrameWork.csproj", "{5D91A0C2-7C30-4548-ABE1-DF66947DC7EA}"
EndProject
Global
	GlobalSection(SolutionConfigurationPlatforms) = preSolution
		Debug|Any CPU = Debug|Any CPU
		Release|Any CPU = Release|Any CPU
	EndGlobalSection
	GlobalSection(ProjectConfigurationPlatforms) = postSolution
		{5D91A0C2-7C30-4548-ABE1-DF66947DC7EA}.Debug|Any CPU.ActiveCfg = Debug|Any CPU
		{5D91A0C2-7C30-4548-ABE1-DF66947DC7EA}.Debug|Any CPU.Build.0 = Debug|Any CPU
		{5D91A0C2-7C30-4548-ABE1-DF66947DC7EA}.Release|Any CPU.ActiveCfg = Release|Any CPU
		{5D91A0C2-7C30-4548-ABE1-DF66947DC7EA}.Release|Any CPU.Build.0 = Release|Any CPU
	EndGlobalSection
	GlobalSection(SolutionProperties) = preSolution
		HideSolutionNode = FALSE
	EndGlobalSection
	GlobalSection(ExtensibilityGlobals) = postSolution
		SolutionGuid = {3048F9B1-F2E9-40CD-8883-1127AC96A742}
	EndGlobalSection
EndGlobal
